
Microsoft Visual Studio Solution File, Format Version 12.00
# Visual Studio Version 17
VisualStudioVersion = 17.5.33502.453
MinimumVisualStudioVersion = 10.0.40219.1
Project("{FAE04EC0-301F-11D3-BF4B-00C04F79EFBC}") = "WpfLayoutPanelsApp", "WpfLayoutPanelsApp\WpfLayoutPanelsApp.csproj", "{AA25F08D-89BB-4DD0-8A10-66A1D293CE5F}"
EndProject
Global
	GlobalSection(SolutionConfigurationPlatforms) = preSolution
		Debug|Any CPU = Debug|Any CPU
		Release|Any CPU = Release|Any CPU
	EndGlobalSection
	GlobalSection(ProjectConfigurationPlatforms) = postSolution
		{AA25F08D-89BB-4DD0-8A10-66A1D293CE5F}.Debug|Any CPU.ActiveCfg = Debug|Any CPU
		{AA25F08D-89BB-4DD0-8A10-66A1D293CE5F}.Debug|Any CPU.Build.0 = Debug|Any CPU
		{AA25F08D-89BB-4DD0-8A10-66A1D293CE5F}.Release|Any CPU.ActiveCfg = Release|Any CPU
		{AA25F08D-89BB-4DD0-8A10-66A1D293CE5F}.Release|Any CPU.Build.0 = Release|Any CPU
	EndGlobalSection
	GlobalSection(SolutionProperties) = preSolution
		HideSolutionNode = FALSE
	EndGlobalSection
	GlobalSection(ExtensibilityGlobals) = postSolution
		SolutionGuid = {0373679F-FEC2-4288-8B2C-96169E0C2046}
	EndGlobalSection
EndGlobal
